dependencies:
- name: redis
  repository: https://charts.bitnami.com/bitnami
  version: 9.3.2
- name: kafka
  repository: https://charts.bitnami.com/bitnami
  version: 12.0.0
- name: clickhouse
  repository: file://../clickhouse
  version: 2.0.0
- name: rabbitmq
  repository: https://charts.bitnami.com/bitnami
  version: 8.9.1
- name: postgresql
  repository: https://charts.bitnami.com/bitnami
  version: 10.2.4
- name: nginx
  repository: https://charts.bitnami.com/bitnami
  version: 6.0.5
digest: sha256:c918af67b8befc8a50e350ec758ac1d9e9b892c0f20bc8d4a8c94c3ef235ad29
generated: "2021-04-01T12:50:47.287801714+01:00"
