dependencies:
- name: redis
  repository: https://charts.bitnami.com/bitnami
  version: 12.10.0
- name: kafka
  repository: https://charts.bitnami.com/bitnami
  version: 12.16.0
- name: clickhouse
  repository: https://sentry-kubernetes.github.io/charts
  version: 2.0.0
- name: rabbitmq
  repository: https://charts.bitnami.com/bitnami
  version: 8.9.1
- name: postgresql
  repository: https://charts.bitnami.com/bitnami
  version: 10.2.4
- name: nginx
  repository: https://charts.bitnami.com/bitnami
  version: 6.0.5
digest: sha256:7cbda2e2fda9ea62d23f9bbfe93e23050f1859aa75148490c32ef9c902962143
generated: "2021-04-03T12:39:58.199790903+01:00"
